<?xml version="1.0" encoding="utf-8"?>
<Project ToolsVersion="16.0" xmlns="http://schemas.microsoft.com/developer/msbuild/2003">
  <ItemGroup>
    <ClCompile Include="C:\Users\ChassisOfReflection\Documents\projects\sdl_engine\src\Entity.cpp">
      <Filter>Source Files</Filter>
    </ClCompile>
    <ClCompile Include="C:\Users\ChassisOfReflection\Documents\projects\sdl_engine\src\Game.cpp">
      <Filter>Source Files</Filter>
    </ClCompile>
  </ItemGroup>
  <ItemGroup>
    <ClInclude Include="C:\Users\ChassisOfReflection\Documents\projects\sdl_engine\src\Constants.h">
      <Filter>Header Files</Filter>
    </ClInclude>
    <ClInclude Include="C:\Users\ChassisOfReflection\Documents\projects\sdl_engine\src\Entity.h">
      <Filter>Header Files</Filter>
    </ClInclude>
    <ClInclude Include="C:\Users\ChassisOfReflection\Documents\projects\sdl_engine\src\Game.h">
      <Filter>Header Files</Filter>
    </ClInclude>
  </ItemGroup>
  <ItemGroup>
    <CustomBuild Include="C:\Users\ChassisOfReflection\Documents\projects\sdl_engine\CMakeLists.txt" />
  </ItemGroup>
  <ItemGroup>
    <Filter Include="Header Files">
      <UniqueIdentifier>{62FC0AE4-CAFA-35A6-92A5-7B92E68BAA5A}</UniqueIdentifier>
    </Filter>
    <Filter Include="Source Files">
      <UniqueIdentifier>{31CC1F0A-FA76-3ED3-B4D6-3848C7AD6510}</UniqueIdentifier>
    </Filter>
  </ItemGroup>
</Project>
