<?xml version="1.0" encoding="utf-8"?>
<Project ToolsVersion="16.0" xmlns="http://schemas.microsoft.com/developer/msbuild/2003">
  <ItemGroup>
    <ClCompile Include="C:\Users\ChassisOfReflection\Documents\projects\sdl_engine\src\Main.cpp">
      <Filter>Source Files</Filter>
    </ClCompile>
  </ItemGroup>
  <ItemGroup>
    <CustomBuild Include="C:\Users\ChassisOfReflection\Documents\projects\sdl_engine\CMakeLists.txt" />
  </ItemGroup>
  <ItemGroup>
    <Filter Include="Source Files">
      <UniqueIdentifier>{31CC1F0A-FA76-3ED3-B4D6-3848C7AD6510}</UniqueIdentifier>
    </Filter>
  </ItemGroup>
</Project>
